// !$*UTF8*$!
{
	archiveVersion = 1;
	classes = {
	};
	objectVersion = 50;
	objects = {

/* Begin PBXBuildFile section */
		223697DF2423A01B00DD2209 /* AppDelegate.swift in Sources */ = {isa = PBXBuildFile; fileRef = 223697DE2423A01B00DD2209 /* AppDelegate.swift */; };
		223697E12423A01B00DD2209 /* SceneDelegate.swift in Sources */ = {isa = PBXBuildFile; fileRef = 223697E02423A01B00DD2209 /* SceneDelegate.swift */; };
		223697E62423A01B00DD2209 /* Main.storyboard in Resources */ = {isa = PBXBuildFile; fileRef = 223697E42423A01B00DD2209 /* Main.storyboard */; };
		223697E92423A01B00DD2209 /* WeatherApp.xcdatamodeld in Sources */ = {isa = PBXBuildFile; fileRef = 223697E72423A01B00DD2209 /* WeatherApp.xcdatamodeld */; };
		223697EB2423A01C00DD2209 /* Assets.xcassets in Resources */ = {isa = PBXBuildFile; fileRef = 223697EA2423A01C00DD2209 /* Assets.xcassets */; };
		223697EE2423A01C00DD2209 /* LaunchScreen.storyboard in Resources */ = {isa = PBXBuildFile; fileRef = 223697EC2423A01C00DD2209 /* LaunchScreen.storyboard */; };
		223698012423D69200DD2209 /* Service.swift in Sources */ = {isa = PBXBuildFile; fileRef = 223698002423D69200DD2209 /* Service.swift */; };
		22420164242901EF00F41500 /* WeatherRequest.swift in Sources */ = {isa = PBXBuildFile; fileRef = 22420163242901EF00F41500 /* WeatherRequest.swift */; };
		2265D9FA242923E700FF1346 /* WeatherModel.swift in Sources */ = {isa = PBXBuildFile; fileRef = 2265D9F9242923E700FF1346 /* WeatherModel.swift */; };
		229D70CF2423F40B005A50D2 /* Controller.swift in Sources */ = {isa = PBXBuildFile; fileRef = 229D70CE2423F40B005A50D2 /* Controller.swift */; };
		22E7E9312427BC0F0099E627 /* WeatherTableViewController.swift in Sources */ = {isa = PBXBuildFile; fileRef = 22E7E9302427BC0F0099E627 /* WeatherTableViewController.swift */; };
		22E7E9352427CB950099E627 /* WeatherTableViewCell.swift in Sources */ = {isa = PBXBuildFile; fileRef = 22E7E9342427CB950099E627 /* WeatherTableViewCell.swift */; };
/* End PBXBuildFile section */

/* Begin PBXFileReference section */
		223697DB2423A01B00DD2209 /* WeatherApp.app */ = {isa = PBXFileReference; explicitFileType = wrapper.application; includeInIndex = 0; path = WeatherApp.app; sourceTree = BUILT_PRODUCTS_DIR; };
		223697DE2423A01B00DD2209 /* AppDelegate.swift */ = {isa = PBXFileReference; lastKnownFileType = sourcecode.swift; path = AppDelegate.swift; sourceTree = "<group>"; };
		223697E02423A01B00DD2209 /* SceneDelegate.swift */ = {isa = PBXFileReference; lastKnownFileType = sourcecode.swift; path = SceneDelegate.swift; sourceTree = "<group>"; };
		223697E52423A01B00DD2209 /* Base */ = {isa = PBXFileReference; lastKnownFileType = file.storyboard; name = Base; path = Base.lproj/Main.storyboard; sourceTree = "<group>"; };
		223697E82423A01B00DD2209 /* WeatherApp.xcdatamodel */ = {isa = PBXFileReference; lastKnownFileType = wrapper.xcdatamodel; path = WeatherApp.xcdatamodel; sourceTree = "<group>"; };
		223697EA2423A01C00DD2209 /* Assets.xcassets */ = {isa = PBXFileReference; lastKnownFileType = folder.assetcatalog; path = Assets.xcassets; sourceTree = "<group>"; };
		223697ED2423A01C00DD2209 /* Base */ = {isa = PBXFileReference; lastKnownFileType = file.storyboard; name = Base; path = Base.lproj/LaunchScreen.storyboard; sourceTree = "<group>"; };
		223697EF2423A01C00DD2209 /* Info.plist */ = {isa = PBXFileReference; lastKnownFileType = text.plist.xml; path = Info.plist; sourceTree = "<group>"; };
		223698002423D69200DD2209 /* Service.swift */ = {isa = PBXFileReference; lastKnownFileType = sourcecode.swift; path = Service.swift; sourceTree = "<group>"; };
		22420163242901EF00F41500 /* WeatherRequest.swift */ = {isa = PBXFileReference; lastKnownFileType = sourcecode.swift; path = WeatherRequest.swift; sourceTree = "<group>"; };
		2265D9F9242923E700FF1346 /* WeatherModel.swift */ = {isa = PBXFileReference; lastKnownFileType = sourcecode.swift; path = WeatherModel.swift; sourceTree = "<group>"; };
		229D70CE2423F40B005A50D2 /* Controller.swift */ = {isa = PBXFileReference; lastKnownFileType = sourcecode.swift; path = Controller.swift; sourceTree = "<group>"; };
		22E7E9302427BC0F0099E627 /* WeatherTableViewController.swift */ = {isa = PBXFileReference; lastKnownFileType = sourcecode.swift; path = WeatherTableViewController.swift; sourceTree = "<group>"; };
		22E7E9342427CB950099E627 /* WeatherTableViewCell.swift */ = {isa = PBXFileReference; lastKnownFileType = sourcecode.swift; path = WeatherTableViewCell.swift; sourceTree = "<group>"; };
/* End PBXFileReference section */

/* Begin PBXFrameworksBuildPhase section */
		223697D82423A01B00DD2209 /* Frameworks */ = {
			isa = PBXFrameworksBuildPhase;
			buildActionMask = 2147483647;
			files = (
			);
			runOnlyForDeploymentPostprocessing = 0;
		};
/* End PBXFrameworksBuildPhase section */

/* Begin PBXGroup section */
		223697D22423A01B00DD2209 = {
			isa = PBXGroup;
			children = (
				223697DD2423A01B00DD2209 /* WeatherApp */,
				223697DC2423A01B00DD2209 /* Products */,
			);
			sourceTree = "<group>";
		};
		223697DC2423A01B00DD2209 /* Products */ = {
			isa = PBXGroup;
			children = (
				223697DB2423A01B00DD2209 /* WeatherApp.app */,
			);
			name = Products;
			sourceTree = "<group>";
		};
		223697DD2423A01B00DD2209 /* WeatherApp */ = {
			isa = PBXGroup;
			children = (
				223697DE2423A01B00DD2209 /* AppDelegate.swift */,
				223697E02423A01B00DD2209 /* SceneDelegate.swift */,
				223698002423D69200DD2209 /* Service.swift */,
				229D70CE2423F40B005A50D2 /* Controller.swift */,
				22E7E9302427BC0F0099E627 /* WeatherTableViewController.swift */,
				22E7E9342427CB950099E627 /* WeatherTableViewCell.swift */,
				22420163242901EF00F41500 /* WeatherRequest.swift */,
				223697E42423A01B00DD2209 /* Main.storyboard */,
				223697FF2423D0B200DD2209 /* Model */,
				223697EA2423A01C00DD2209 /* Assets.xcassets */,
				223697EC2423A01C00DD2209 /* LaunchScreen.storyboard */,
				223697EF2423A01C00DD2209 /* Info.plist */,
				223697E72423A01B00DD2209 /* WeatherApp.xcdatamodeld */,
			);
			path = WeatherApp;
			sourceTree = "<group>";
		};
		223697FF2423D0B200DD2209 /* Model */ = {
			isa = PBXGroup;
			children = (
				2265D9F9242923E700FF1346 /* WeatherModel.swift */,
			);
			path = Model;
			sourceTree = "<group>";
		};
/* End PBXGroup section */

/* Begin PBXNativeTarget section */
		223697DA2423A01B00DD2209 /* WeatherApp */ = {
			isa = PBXNativeTarget;
			buildConfigurationList = 223697F22423A01C00DD2209 /* Build configuration list for PBXNativeTarget "WeatherApp" */;
			buildPhases = (
				223697D72423A01B00DD2209 /* Sources */,
				223697D82423A01B00DD2209 /* Frameworks */,
				223697D92423A01B00DD2209 /* Resources */,
			);
			buildRules = (
			);
			dependencies = (
			);
			name = WeatherApp;
			productName = WeatherApp;
			productReference = 223697DB2423A01B00DD2209 /* WeatherApp.app */;
			productType = "com.apple.product-type.application";
		};
/* End PBXNativeTarget section */

/* Begin PBXProject section */
		223697D32423A01B00DD2209 /* Project object */ = {
			isa = PBXProject;
			attributes = {
				LastSwiftUpdateCheck = 1130;
				LastUpgradeCheck = 1130;
				ORGANIZATIONNAME = Lilia;
				TargetAttributes = {
					223697DA2423A01B00DD2209 = {
						CreatedOnToolsVersion = 11.3.1;
					};
				};
			};
			buildConfigurationList = 223697D62423A01B00DD2209 /* Build configuration list for PBXProject "WeatherApp" */;
			compatibilityVersion = "Xcode 9.3";
			developmentRegion = en;
			hasScannedForEncodings = 0;
			knownRegions = (
				en,
				Base,
			);
			mainGroup = 223697D22423A01B00DD2209;
			productRefGroup = 223697DC2423A01B00DD2209 /* Products */;
			projectDirPath = "";
			projectRoot = "";
			targets = (
				223697DA2423A01B00DD2209 /* WeatherApp */,
			);
		};
/* End PBXProject section */

/* Begin PBXResourcesBuildPhase section */
		223697D92423A01B00DD2209 /* Resources */ = {
			isa = PBXResourcesBuildPhase;
			buildActionMask = 2147483647;
			files = (
				223697EE2423A01C00DD2209 /* LaunchScreen.storyboard in Resources */,
				223697EB2423A01C00DD2209 /* Assets.xcassets in Resources */,
				223697E62423A01B00DD2209 /* Main.storyboard in Resources */,
			);
			runOnlyForDeploymentPostprocessing = 0;
		};
/* End PBXResourcesBuildPhase section */

/* Begin PBXSourcesBuildPhase section */
		223697D72423A01B00DD2209 /* Sources */ = {
			isa = PBXSourcesBuildPhase;
			buildActionMask = 2147483647;
			files = (
				22E7E9352427CB950099E627 /* WeatherTableViewCell.swift in Sources */,
				223697E92423A01B00DD2209 /* WeatherApp.xcdatamodeld in Sources */,
				229D70CF2423F40B005A50D2 /* Controller.swift in Sources */,
				223697DF2423A01B00DD2209 /* AppDelegate.swift in Sources */,
				223697E12423A01B00DD2209 /* SceneDelegate.swift in Sources */,
				223698012423D69200DD2209 /* Service.swift in Sources */,
				2265D9FA242923E700FF1346 /* WeatherModel.swift in Sources */,
				22420164242901EF00F41500 /* WeatherRequest.swift in Sources */,
				22E7E9312427BC0F0099E627 /* WeatherTableViewController.swift in Sources */,
			);
			runOnlyForDeploymentPostprocessing = 0;
		};
/* End PBXSourcesBuildPhase section */

/* Begin PBXVariantGroup section */
		223697E42423A01B00DD2209 /* Main.storyboard */ = {
			isa = PBXVariantGroup;
			children = (
				223697E52423A01B00DD2209 /* Base */,
			);
			name = Main.storyboard;
			sourceTree = "<group>";
		};
		223697EC2423A01C00DD2209 /* LaunchScreen.storyboard */ = {
			isa = PBXVariantGroup;
			children = (
				223697ED2423A01C00DD2209 /* Base */,
			);
			name = LaunchScreen.storyboard;
			sourceTree = "<group>";
		};
/* End PBXVariantGroup section */

/* Begin XCBuildConfiguration section */
		223697F02423A01C00DD2209 /* Debug */ = {
			isa = XCBuildConfiguration;
			buildSettings = {
				ALWAYS_SEARCH_USER_PATHS = NO;
				CLANG_ANALYZER_NONNULL = YES;
				CLANG_ANALYZER_NUMBER_OBJECT_CONVERSION = YES_AGGRESSIVE;
				CLANG_CXX_LANGUAGE_STANDARD = "gnu++14";
				CLANG_CXX_LIBRARY = "libc++";
				CLANG_ENABLE_MODULES = YES;
				CLANG_ENABLE_OBJC_ARC = YES;
				CLANG_ENABLE_OBJC_WEAK = YES;
				CLANG_WARN_BLOCK_CAPTURE_AUTORELEASING = YES;
				CLANG_WARN_BOOL_CONVERSION = YES;
				CLANG_WARN_COMMA = YES;
				CLANG_WARN_CONSTANT_CONVERSION = YES;
				CLANG_WARN_DEPRECATED_OBJC_IMPLEMENTATIONS = YES;
				CLANG_WARN_DIRECT_OBJC_ISA_USAGE = YES_ERROR;
				CLANG_WARN_DOCUMENTATION_COMMENTS = YES;
				CLANG_WARN_EMPTY_BODY = YES;
				CLANG_WARN_ENUM_CONVERSION = YES;
				CLANG_WARN_INFINITE_RECURSION = YES;
				CLANG_WARN_INT_CONVERSION = YES;
				CLANG_WARN_NON_LITERAL_NULL_CONVERSION = YES;
				CLANG_WARN_OBJC_IMPLICIT_RETAIN_SELF = YES;
				CLANG_WARN_OBJC_LITERAL_CONVERSION = YES;
				CLANG_WARN_OBJC_ROOT_CLASS = YES_ERROR;
				CLANG_WARN_RANGE_LOOP_ANALYSIS = YES;
				CLANG_WARN_STRICT_PROTOTYPES = YES;
				CLANG_WARN_SUSPICIOUS_MOVE = YES;
				CLANG_WARN_UNGUARDED_AVAILABILITY = YES_AGGRESSIVE;
				CLANG_WARN_UNREACHABLE_CODE = YES;
				CLANG_WARN__DUPLICATE_METHOD_MATCH = YES;
				COPY_PHASE_STRIP = NO;
				DEBUG_INFORMATION_FORMAT = dwarf;
				ENABLE_STRICT_OBJC_MSGSEND = YES;
				ENABLE_TESTABILITY = YES;
				GCC_C_LANGUAGE_STANDARD = gnu11;
				GCC_DYNAMIC_NO_PIC = NO;
				GCC_NO_COMMON_BLOCKS = YES;
				GCC_OPTIMIZATION_LEVEL = 0;
				GCC_PREPROCESSOR_DEFINITIONS = (
					"DEBUG=1",
					"$(inherited)",
				);
				GCC_WARN_64_TO_32_BIT_CONVERSION = YES;
				GCC_WARN_ABOUT_RETURN_TYPE = YES_ERROR;
				GCC_WARN_UNDECLARED_SELECTOR = YES;
				GCC_WARN_UNINITIALIZED_AUTOS = YES_AGGRESSIVE;
				GCC_WARN_UNUSED_FUNCTION = YES;
				GCC_WARN_UNUSED_VARIABLE = YES;
				IPHONEOS_DEPLOYMENT_TARGET = 13.2;
				MTL_ENABLE_DEBUG_INFO = INCLUDE_SOURCE;
				MTL_FAST_MATH = YES;
				ONLY_ACTIVE_ARCH = YES;
				SDKROOT = iphoneos;
				SWIFT_ACTIVE_COMPILATION_CONDITIONS = DEBUG;
				SWIFT_OPTIMIZATION_LEVEL = "-Onone";
			};
			name = Debug;
		};
		223697F12423A01C00DD2209 /* Release */ = {
			isa = XCBuildConfiguration;
			buildSettings = {
				ALWAYS_SEARCH_USER_PATHS = NO;
				CLANG_ANALYZER_NONNULL = YES;
				CLANG_ANALYZER_NUMBER_OBJECT_CONVERSION = YES_AGGRESSIVE;
				CLANG_CXX_LANGUAGE_STANDARD = "gnu++14";
				CLANG_CXX_LIBRARY = "libc++";
				CLANG_ENABLE_MODULES = YES;
				CLANG_ENABLE_OBJC_ARC = YES;
				CLANG_ENABLE_OBJC_WEAK = YES;
				CLANG_WARN_BLOCK_CAPTURE_AUTORELEASING = YES;
				CLANG_WARN_BOOL_CONVERSION = YES;
				CLANG_WARN_COMMA = YES;
				CLANG_WARN_CONSTANT_CONVERSION = YES;
				CLANG_WARN_DEPRECATED_OBJC_IMPLEMENTATIONS = YES;
				CLANG_WARN_DIRECT_OBJC_ISA_USAGE = YES_ERROR;
				CLANG_WARN_DOCUMENTATION_COMMENTS = YES;
				CLANG_WARN_EMPTY_BODY = YES;
				CLANG_WARN_ENUM_CONVERSION = YES;
				CLANG_WARN_INFINITE_RECURSION = YES;
				CLANG_WARN_INT_CONVERSION = YES;
				CLANG_WARN_NON_LITERAL_NULL_CONVERSION = YES;
				CLANG_WARN_OBJC_IMPLICIT_RETAIN_SELF = YES;
				CLANG_WARN_OBJC_LITERAL_CONVERSION = YES;
				CLANG_WARN_OBJC_ROOT_CLASS = YES_ERROR;
				CLANG_WARN_RANGE_LOOP_ANALYSIS = YES;
				CLANG_WARN_STRICT_PROTOTYPES = YES;
				CLANG_WARN_SUSPICIOUS_MOVE = YES;
				CLANG_WARN_UNGUARDED_AVAILABILITY = YES_AGGRESSIVE;
				CLANG_WARN_UNREACHABLE_CODE = YES;
				CLANG_WARN__DUPLICATE_METHOD_MATCH = YES;
				COPY_PHASE_STRIP = NO;
				DEBUG_INFORMATION_FORMAT = "dwarf-with-dsym";
				ENABLE_NS_ASSERTIONS = NO;
				ENABLE_STRICT_OBJC_MSGSEND = YES;
				GCC_C_LANGUAGE_STANDARD = gnu11;
				GCC_NO_COMMON_BLOCKS = YES;
				GCC_WARN_64_TO_32_BIT_CONVERSION = YES;
				GCC_WARN_ABOUT_RETURN_TYPE = YES_ERROR;
				GCC_WARN_UNDECLARED_SELECTOR = YES;
				GCC_WARN_UNINITIALIZED_AUTOS = YES_AGGRESSIVE;
				GCC_WARN_UNUSED_FUNCTION = YES;
				GCC_WARN_UNUSED_VARIABLE = YES;
				IPHONEOS_DEPLOYMENT_TARGET = 13.2;
				MTL_ENABLE_DEBUG_INFO = NO;
				MTL_FAST_MATH = YES;
				SDKROOT = iphoneos;
				SWIFT_COMPILATION_MODE = wholemodule;
				SWIFT_OPTIMIZATION_LEVEL = "-O";
				VALIDATE_PRODUCT = YES;
			};
			name = Release;
		};
		223697F32423A01C00DD2209 /* Debug */ = {
			isa = XCBuildConfiguration;
			buildSettings = {
				ASSETCATALOG_COMPILER_APPICON_NAME = AppIcon;
				CODE_SIGN_STYLE = Automatic;
				DEVELOPMENT_TEAM = 97J4XJP6TX;
				INFOPLIST_FILE = WeatherApp/Info.plist;
				LD_RUNPATH_SEARCH_PATHS = (
					"$(inherited)",
					"@executable_path/Frameworks",
				);
				PRODUCT_BUNDLE_IDENTIFIER = gg.WeatherApp;
				PRODUCT_NAME = "$(TARGET_NAME)";
				SWIFT_VERSION = 5.0;
				TARGETED_DEVICE_FAMILY = "1,2";
			};
			name = Debug;
		};
		223697F42423A01C00DD2209 /* Release */ = {
			isa = XCBuildConfiguration;
			buildSettings = {
				ASSETCATALOG_COMPILER_APPICON_NAME = AppIcon;
				CODE_SIGN_STYLE = Automatic;
				DEVELOPMENT_TEAM = 97J4XJP6TX;
				INFOPLIST_FILE = WeatherApp/Info.plist;
				LD_RUNPATH_SEARCH_PATHS = (
					"$(inherited)",
					"@executable_path/Frameworks",
				);
				PRODUCT_BUNDLE_IDENTIFIER = gg.WeatherApp;
				PRODUCT_NAME = "$(TARGET_NAME)";
				SWIFT_VERSION = 5.0;
				TARGETED_DEVICE_FAMILY = "1,2";
			};
			name = Release;
		};
/* End XCBuildConfiguration section */

/* Begin XCConfigurationList section */
		223697D62423A01B00DD2209 /* Build configuration list for PBXProject "WeatherApp" */ = {
			isa = XCConfigurationList;
			buildConfigurations = (
				223697F02423A01C00DD2209 /* Debug */,
				223697F12423A01C00DD2209 /* Release */,
			);
			defaultConfigurationIsVisible = 0;
			defaultConfigurationName = Release;
		};
		223697F22423A01C00DD2209 /* Build configuration list for PBXNativeTarget "WeatherApp" */ = {
			isa = XCConfigurationList;
			buildConfigurations = (
				223697F32423A01C00DD2209 /* Debug */,
				223697F42423A01C00DD2209 /* Release */,
			);
			defaultConfigurationIsVisible = 0;
			defaultConfigurationName = Release;
		};
/* End XCConfigurationList section */

/* Begin XCVersionGroup section */
		223697E72423A01B00DD2209 /* WeatherApp.xcdatamodeld */ = {
			isa = XCVersionGroup;
			children = (
				223697E82423A01B00DD2209 /* WeatherApp.xcdatamodel */,
			);
			currentVersion = 223697E82423A01B00DD2209 /* WeatherApp.xcdatamodel */;
			path = WeatherApp.xcdatamodeld;
			sourceTree = "<group>";
			versionGroupType = wrapper.xcdatamodel;
		};
/* End XCVersionGroup section */
	};
	rootObject = 223697D32423A01B00DD2209 /* Project object */;
}
